
Microsoft Visual Studio Solution File, Format Version 12.00
# Visual Studio Version 16
VisualStudioVersion = 16.0.31729.503
MinimumVisualStudioVersion = 10.0.40219.1
Project("{FAE04EC0-301F-11D3-BF4B-00C04F79EFBC}") = "InlineTextLinkControlExample", "InlineTextLinkControlExample.csproj", "{AA1DB2BD-4992-4729-9BCB-93CC52AEC6FA}"
EndProject
Global
	GlobalSection(SolutionConfigurationPlatforms) = preSolution
		Debug|Any CPU = Debug|Any CPU
		Release|Any CPU = Release|Any CPU
	EndGlobalSection
	GlobalSection(ProjectConfigurationPlatforms) = postSolution
		{AA1DB2BD-4992-4729-9BCB-93CC52AEC6FA}.Debug|Any CPU.ActiveCfg = Debug|Any CPU
		{AA1DB2BD-4992-4729-9BCB-93CC52AEC6FA}.Debug|Any CPU.Build.0 = Debug|Any CPU
		{AA1DB2BD-4992-4729-9BCB-93CC52AEC6FA}.Release|Any CPU.ActiveCfg = Release|Any CPU
		{AA1DB2BD-4992-4729-9BCB-93CC52AEC6FA}.Release|Any CPU.Build.0 = Release|Any CPU
	EndGlobalSection
	GlobalSection(SolutionProperties) = preSolution
		HideSolutionNode = FALSE
	EndGlobalSection
	GlobalSection(ExtensibilityGlobals) = postSolution
		SolutionGuid = {03D04AF0-7E15-4853-9500-FDBBADA8F41C}
	EndGlobalSection
EndGlobal
