
Microsoft Visual Studio Solution File, Format Version 12.00
# Visual Studio Version 16
VisualStudioVersion = 16.0.31729.503
MinimumVisualStudioVersion = 10.0.40219.1
Project("{FAE04EC0-301F-11D3-BF4B-00C04F79EFBC}") = "InlineTextLinkControlExampleFramework", "InlineTextLinkControlExampleFramework.csproj", "{C61A82E5-190D-4F3E-8DEE-0A9740196B2A}"
EndProject
Global
	GlobalSection(SolutionConfigurationPlatforms) = preSolution
		Debug|Any CPU = Debug|Any CPU
		Release|Any CPU = Release|Any CPU
	EndGlobalSection
	GlobalSection(ProjectConfigurationPlatforms) = postSolution
		{C61A82E5-190D-4F3E-8DEE-0A9740196B2A}.Debug|Any CPU.ActiveCfg = Debug|Any CPU
		{C61A82E5-190D-4F3E-8DEE-0A9740196B2A}.Debug|Any CPU.Build.0 = Debug|Any CPU
		{C61A82E5-190D-4F3E-8DEE-0A9740196B2A}.Release|Any CPU.ActiveCfg = Release|Any CPU
		{C61A82E5-190D-4F3E-8DEE-0A9740196B2A}.Release|Any CPU.Build.0 = Release|Any CPU
	EndGlobalSection
	GlobalSection(SolutionProperties) = preSolution
		HideSolutionNode = FALSE
	EndGlobalSection
	GlobalSection(ExtensibilityGlobals) = postSolution
		SolutionGuid = {3B71295D-1347-4781-B42A-D48F1C7A31E0}
	EndGlobalSection
EndGlobal
